// !$*UTF8*$!
{
	archiveVersion = 1;
	classes = {
	};
	objectVersion = 46;
	objects = {

/* Begin PBXBuildFile section */
		DC4746E219D0E6E500D00639 /* AppDelegate.swift in Sources */ = {isa = PBXBuildFile; fileRef = DC4746E119D0E6E500D00639 /* AppDelegate.swift */; };
		DC4746E419D0E6E500D00639 /* ViewController.swift in Sources */ = {isa = PBXBuildFile; fileRef = DC4746E319D0E6E500D00639 /* ViewController.swift */; };
		DC4746E719D0E6E500D00639 /* Main.storyboard in Resources */ = {isa = PBXBuildFile; fileRef = DC4746E519D0E6E500D00639 /* Main.storyboard */; };
		DC4746E919D0E6E500D00639 /* Images.xcassets in Resources */ = {isa = PBXBuildFile; fileRef = DC4746E819D0E6E500D00639 /* Images.xcassets */; };
		DC4746F519D0E6E500D00639 /* TableViewExampleTests.swift in Sources */ = {isa = PBXBuildFile; fileRef = DC4746F419D0E6E500D00639 /* TableViewExampleTests.swift */; };
		DC4746FF19D0E80E00D00639 /* myTableViewController.swift in Sources */ = {isa = PBXBuildFile; fileRef = DC4746FE19D0E80E00D00639 /* myTableViewController.swift */; };
/* End PBXBuildFile section */

/* Begin PBXContainerItemProxy section */
		DC4746EF19D0E6E500D00639 /* PBXContainerItemProxy */ = {
			isa = PBXContainerItemProxy;
			containerPortal = DC4746D419D0E6E400D00639 /* Project object */;
			proxyType = 1;
			remoteGlobalIDString = DC4746DB19D0E6E500D00639;
			remoteInfo = TableViewExample;
		};
/* End PBXContainerItemProxy section */

/* Begin PBXFileReference section */
		DC4746DC19D0E6E500D00639 /* TableViewExample.app */ = {isa = PBXFileReference; explicitFileType = wrapper.application; includeInIndex = 0; path = TableViewExample.app; sourceTree = BUILT_PRODUCTS_DIR; };
		DC4746E019D0E6E500D00639 /* Info.plist */ = {isa = PBXFileReference; lastKnownFileType = text.plist.xml; path = Info.plist; sourceTree = "<group>"; };
		DC4746E119D0E6E500D00639 /* AppDelegate.swift */ = {isa = PBXFileReference; lastKnownFileType = sourcecode.swift; path = AppDelegate.swift; sourceTree = "<group>"; };
		DC4746E319D0E6E500D00639 /* ViewController.swift */ = {isa = PBXFileReference; lastKnownFileType = sourcecode.swift; path = ViewController.swift; sourceTree = "<group>"; };
		DC4746E619D0E6E500D00639 /* Base */ = {isa = PBXFileReference; lastKnownFileType = file.storyboard; name = Base; path = Base.lproj/Main.storyboard; sourceTree = "<group>"; };
		DC4746E819D0E6E500D00639 /* Images.xcassets */ = {isa = PBXFileReference; lastKnownFileType = folder.assetcatalog; path = Images.xcassets; sourceTree = "<group>"; };
		DC4746EE19D0E6E500D00639 /* TableViewExampleTests.xctest */ = {isa = PBXFileReference; explicitFileType = wrapper.cfbundle; includeInIndex = 0; path = TableViewExampleTests.xctest; sourceTree = BUILT_PRODUCTS_DIR; };
		DC4746F319D0E6E500D00639 /* Info.plist */ = {isa = PBXFileReference; lastKnownFileType = text.plist.xml; path = Info.plist; sourceTree = "<group>"; };
		DC4746F419D0E6E500D00639 /* TableViewExampleTests.swift */ = {isa = PBXFileReference; lastKnownFileType = sourcecode.swift; path = TableViewExampleTests.swift; sourceTree = "<group>"; };
		DC4746FE19D0E80E00D00639 /* myTableViewController.swift */ = {isa = PBXFileReference; fileEncoding = 4; lastKnownFileType = sourcecode.swift; path = myTableViewController.swift; sourceTree = "<group>"; };
/* End PBXFileReference section */

/* Begin PBXFrameworksBuildPhase section */
		DC4746D919D0E6E500D00639 /* Frameworks */ = {
			isa = PBXFrameworksBuildPhase;
			buildActionMask = 2147483647;
			files = (
			);
			runOnlyForDeploymentPostprocessing = 0;
		};
		DC4746EB19D0E6E500D00639 /* Frameworks */ = {
			isa = PBXFrameworksBuildPhase;
			buildActionMask = 2147483647;
			files = (
			);
			runOnlyForDeploymentPostprocessing = 0;
		};
/* End PBXFrameworksBuildPhase section */

/* Begin PBXGroup section */
		DC4746D319D0E6E400D00639 = {
			isa = PBXGroup;
			children = (
				DC4746DE19D0E6E500D00639 /* TableViewExample */,
				DC4746F119D0E6E500D00639 /* TableViewExampleTests */,
				DC4746DD19D0E6E500D00639 /* Products */,
			);
			sourceTree = "<group>";
		};
		DC4746DD19D0E6E500D00639 /* Products */ = {
			isa = PBXGroup;
			children = (
				DC4746DC19D0E6E500D00639 /* TableViewExample.app */,
				DC4746EE19D0E6E500D00639 /* TableViewExampleTests.xctest */,
			);
			name = Products;
			sourceTree = "<group>";
		};
		DC4746DE19D0E6E500D00639 /* TableViewExample */ = {
			isa = PBXGroup;
			children = (
				DC4746E119D0E6E500D00639 /* AppDelegate.swift */,
				DC4746E319D0E6E500D00639 /* ViewController.swift */,
				DC4746FE19D0E80E00D00639 /* myTableViewController.swift */,
				DC4746E519D0E6E500D00639 /* Main.storyboard */,
				DC4746E819D0E6E500D00639 /* Images.xcassets */,
				DC4746DF19D0E6E500D00639 /* Supporting Files */,
			);
			path = TableViewExample;
			sourceTree = "<group>";
		};
		DC4746DF19D0E6E500D00639 /* Supporting Files */ = {
			isa = PBXGroup;
			children = (
				DC4746E019D0E6E500D00639 /* Info.plist */,
			);
			name = "Supporting Files";
			sourceTree = "<group>";
		};
		DC4746F119D0E6E500D00639 /* TableViewExampleTests */ = {
			isa = PBXGroup;
			children = (
				DC4746F419D0E6E500D00639 /* TableViewExampleTests.swift */,
				DC4746F219D0E6E500D00639 /* Supporting Files */,
			);
			path = TableViewExampleTests;
			sourceTree = "<group>";
		};
		DC4746F219D0E6E500D00639 /* Supporting Files */ = {
			isa = PBXGroup;
			children = (
				DC4746F319D0E6E500D00639 /* Info.plist */,
			);
			name = "Supporting Files";
			sourceTree = "<group>";
		};
/* End PBXGroup section */

/* Begin PBXNativeTarget section */
		DC4746DB19D0E6E500D00639 /* TableViewExample */ = {
			isa = PBXNativeTarget;
			buildConfigurationList = DC4746F819D0E6E500D00639 /* Build configuration list for PBXNativeTarget "TableViewExample" */;
			buildPhases = (
				DC4746D819D0E6E500D00639 /* Sources */,
				DC4746D919D0E6E500D00639 /* Frameworks */,
				DC4746DA19D0E6E500D00639 /* Resources */,
			);
			buildRules = (
			);
			dependencies = (
			);
			name = TableViewExample;
			productName = TableViewExample;
			productReference = DC4746DC19D0E6E500D00639 /* TableViewExample.app */;
			productType = "com.apple.product-type.application";
		};
		DC4746ED19D0E6E500D00639 /* TableViewExampleTests */ = {
			isa = PBXNativeTarget;
			buildConfigurationList = DC4746FB19D0E6E500D00639 /* Build configuration list for PBXNativeTarget "TableViewExampleTests" */;
			buildPhases = (
				DC4746EA19D0E6E500D00639 /* Sources */,
				DC4746EB19D0E6E500D00639 /* Frameworks */,
				DC4746EC19D0E6E500D00639 /* Resources */,
			);
			buildRules = (
			);
			dependencies = (
				DC4746F019D0E6E500D00639 /* PBXTargetDependency */,
			);
			name = TableViewExampleTests;
			productName = TableViewExampleTests;
			productReference = DC4746EE19D0E6E500D00639 /* TableViewExampleTests.xctest */;
			productType = "com.apple.product-type.bundle.unit-test";
		};
/* End PBXNativeTarget section */

/* Begin PBXProject section */
		DC4746D419D0E6E400D00639 /* Project object */ = {
			isa = PBXProject;
			attributes = {
				LastUpgradeCheck = 0600;
				ORGANIZATIONNAME = gulingfeng;
				TargetAttributes = {
					DC4746DB19D0E6E500D00639 = {
						CreatedOnToolsVersion = 6.0;
					};
					DC4746ED19D0E6E500D00639 = {
						CreatedOnToolsVersion = 6.0;
						TestTargetID = DC4746DB19D0E6E500D00639;
					};
				};
			};
			buildConfigurationList = DC4746D719D0E6E400D00639 /* Build configuration list for PBXProject "TableViewExample" */;
			compatibilityVersion = "Xcode 3.2";
			developmentRegion = English;
			hasScannedForEncodings = 0;
			knownRegions = (
				en,
				Base,
			);
			mainGroup = DC4746D319D0E6E400D00639;
			productRefGroup = DC4746DD19D0E6E500D00639 /* Products */;
			projectDirPath = "";
			projectRoot = "";
			targets = (
				DC4746DB19D0E6E500D00639 /* TableViewExample */,
				DC4746ED19D0E6E500D00639 /* TableViewExampleTests */,
			);
		};
/* End PBXProject section */

/* Begin PBXResourcesBuildPhase section */
		DC4746DA19D0E6E500D00639 /* Resources */ = {
			isa = PBXResourcesBuildPhase;
			buildActionMask = 2147483647;
			files = (
				DC4746E719D0E6E500D00639 /* Main.storyboard in Resources */,
				DC4746E919D0E6E500D00639 /* Images.xcassets in Resources */,
			);
			runOnlyForDeploymentPostprocessing = 0;
		};
		DC4746EC19D0E6E500D00639 /* Resources */ = {
			isa = PBXResourcesBuildPhase;
			buildActionMask = 2147483647;
			files = (
			);
			runOnlyForDeploymentPostprocessing = 0;
		};
/* End PBXResourcesBuildPhase section */

/* Begin PBXSourcesBuildPhase section */
		DC4746D819D0E6E500D00639 /* Sources */ = {
			isa = PBXSourcesBuildPhase;
			buildActionMask = 2147483647;
			files = (
				DC4746E419D0E6E500D00639 /* ViewController.swift in Sources */,
				DC4746FF19D0E80E00D00639 /* myTableViewController.swift in Sources */,
				DC4746E219D0E6E500D00639 /* AppDelegate.swift in Sources */,
			);
			runOnlyForDeploymentPostprocessing = 0;
		};
		DC4746EA19D0E6E500D00639 /* Sources */ = {
			isa = PBXSourcesBuildPhase;
			buildActionMask = 2147483647;
			files = (
				DC4746F519D0E6E500D00639 /* TableViewExampleTests.swift in Sources */,
			);
			runOnlyForDeploymentPostprocessing = 0;
		};
/* End PBXSourcesBuildPhase section */

/* Begin PBXTargetDependency section */
		DC4746F019D0E6E500D00639 /* PBXTargetDependency */ = {
			isa = PBXTargetDependency;
			target = DC4746DB19D0E6E500D00639 /* TableViewExample */;
			targetProxy = DC4746EF19D0E6E500D00639 /* PBXContainerItemProxy */;
		};
/* End PBXTargetDependency section */

/* Begin PBXVariantGroup section */
		DC4746E519D0E6E500D00639 /* Main.storyboard */ = {
			isa = PBXVariantGroup;
			children = (
				DC4746E619D0E6E500D00639 /* Base */,
			);
			name = Main.storyboard;
			sourceTree = "<group>";
		};
/* End PBXVariantGroup section */

/* Begin XCBuildConfiguration section */
		DC4746F619D0E6E500D00639 /* Debug */ = {
			isa = XCBuildConfiguration;
			buildSettings = {
				ALWAYS_SEARCH_USER_PATHS = NO;
				CLANG_CXX_LANGUAGE_STANDARD = "gnu++0x";
				CLANG_CXX_LIBRARY = "libc++";
				CLANG_ENABLE_MODULES = YES;
				CLANG_ENABLE_OBJC_ARC = YES;
				CLANG_WARN_BOOL_CONVERSION = YES;
				CLANG_WARN_CONSTANT_CONVERSION = YES;
				CLANG_WARN_DIRECT_OBJC_ISA_USAGE = YES_ERROR;
				CLANG_WARN_EMPTY_BODY = YES;
				CLANG_WARN_ENUM_CONVERSION = YES;
				CLANG_WARN_INT_CONVERSION = YES;
				CLANG_WARN_OBJC_ROOT_CLASS = YES_ERROR;
				CLANG_WARN_UNREACHABLE_CODE = YES;
				CLANG_WARN__DUPLICATE_METHOD_MATCH = YES;
				"CODE_SIGN_IDENTITY[sdk=iphoneos*]" = "iPhone Developer";
				COPY_PHASE_STRIP = NO;
				ENABLE_STRICT_OBJC_MSGSEND = YES;
				GCC_C_LANGUAGE_STANDARD = gnu99;
				GCC_DYNAMIC_NO_PIC = NO;
				GCC_OPTIMIZATION_LEVEL = 0;
				GCC_PREPROCESSOR_DEFINITIONS = (
					"DEBUG=1",
					"$(inherited)",
				);
				GCC_SYMBOLS_PRIVATE_EXTERN = NO;
				GCC_WARN_64_TO_32_BIT_CONVERSION = YES;
				GCC_WARN_ABOUT_RETURN_TYPE = YES_ERROR;
				GCC_WARN_UNDECLARED_SELECTOR = YES;
				GCC_WARN_UNINITIALIZED_AUTOS = YES_AGGRESSIVE;
				GCC_WARN_UNUSED_FUNCTION = YES;
				GCC_WARN_UNUSED_VARIABLE = YES;
				IPHONEOS_DEPLOYMENT_TARGET = 8.0;
				MTL_ENABLE_DEBUG_INFO = YES;
				ONLY_ACTIVE_ARCH = YES;
				SDKROOT = iphoneos;
				SWIFT_OPTIMIZATION_LEVEL = "-Onone";
			};
			name = Debug;
		};
		DC4746F719D0E6E500D00639 /* Release */ = {
			isa = XCBuildConfiguration;
			buildSettings = {
				ALWAYS_SEARCH_USER_PATHS = NO;
				CLANG_CXX_LANGUAGE_STANDARD = "gnu++0x";
				CLANG_CXX_LIBRARY = "libc++";
				CLANG_ENABLE_MODULES = YES;
				CLANG_ENABLE_OBJC_ARC = YES;
				CLANG_WARN_BOOL_CONVERSION = YES;
				CLANG_WARN_CONSTANT_CONVERSION = YES;
				CLANG_WARN_DIRECT_OBJC_ISA_USAGE = YES_ERROR;
				CLANG_WARN_EMPTY_BODY = YES;
				CLANG_WARN_ENUM_CONVERSION = YES;
				CLANG_WARN_INT_CONVERSION = YES;
				CLANG_WARN_OBJC_ROOT_CLASS = YES_ERROR;
				CLANG_WARN_UNREACHABLE_CODE = YES;
				CLANG_WARN__DUPLICATE_METHOD_MATCH = YES;
				"CODE_SIGN_IDENTITY[sdk=iphoneos*]" = "iPhone Developer";
				COPY_PHASE_STRIP = YES;
				ENABLE_NS_ASSERTIONS = NO;
				ENABLE_STRICT_OBJC_MSGSEND = YES;
				GCC_C_LANGUAGE_STANDARD = gnu99;
				GCC_WARN_64_TO_32_BIT_CONVERSION = YES;
				GCC_WARN_ABOUT_RETURN_TYPE = YES_ERROR;
				GCC_WARN_UNDECLARED_SELECTOR = YES;
				GCC_WARN_UNINITIALIZED_AUTOS = YES_AGGRESSIVE;
				GCC_WARN_UNUSED_FUNCTION = YES;
				GCC_WARN_UNUSED_VARIABLE = YES;
				IPHONEOS_DEPLOYMENT_TARGET = 8.0;
				MTL_ENABLE_DEBUG_INFO = NO;
				SDKROOT = iphoneos;
				VALIDATE_PRODUCT = YES;
			};
			name = Release;
		};
		DC4746F919D0E6E500D00639 /* Debug */ = {
			isa = XCBuildConfiguration;
			buildSettings = {
				ASSETCATALOG_COMPILER_APPICON_NAME = AppIcon;
				ASSETCATALOG_COMPILER_LAUNCHIMAGE_NAME = LaunchImage;
				INFOPLIST_FILE = TableViewExample/Info.plist;
				LD_RUNPATH_SEARCH_PATHS = "$(inherited) @executable_path/Frameworks";
				PRODUCT_NAME = "$(TARGET_NAME)";
			};
			name = Debug;
		};
		DC4746FA19D0E6E500D00639 /* Release */ = {
			isa = XCBuildConfiguration;
			buildSettings = {
				ASSETCATALOG_COMPILER_APPICON_NAME = AppIcon;
				ASSETCATALOG_COMPILER_LAUNCHIMAGE_NAME = LaunchImage;
				INFOPLIST_FILE = TableViewExample/Info.plist;
				LD_RUNPATH_SEARCH_PATHS = "$(inherited) @executable_path/Frameworks";
				PRODUCT_NAME = "$(TARGET_NAME)";
			};
			name = Release;
		};
		DC4746FC19D0E6E500D00639 /* Debug */ = {
			isa = XCBuildConfiguration;
			buildSettings = {
				BUNDLE_LOADER = "$(TEST_HOST)";
				FRAMEWORK_SEARCH_PATHS = (
					"$(SDKROOT)/Developer/Library/Frameworks",
					"$(inherited)",
				);
				GCC_PREPROCESSOR_DEFINITIONS = (
					"DEBUG=1",
					"$(inherited)",
				);
				INFOPLIST_FILE = TableViewExampleTests/Info.plist;
				LD_RUNPATH_SEARCH_PATHS = "$(inherited) @executable_path/Frameworks @loader_path/Frameworks";
				PRODUCT_NAME = "$(TARGET_NAME)";
				TEST_HOST = "$(BUILT_PRODUCTS_DIR)/TableViewExample.app/TableViewExample";
			};
			name = Debug;
		};
		DC4746FD19D0E6E500D00639 /* Release */ = {
			isa = XCBuildConfiguration;
			buildSettings = {
				BUNDLE_LOADER = "$(TEST_HOST)";
				FRAMEWORK_SEARCH_PATHS = (
					"$(SDKROOT)/Developer/Library/Frameworks",
					"$(inherited)",
				);
				INFOPLIST_FILE = TableViewExampleTests/Info.plist;
				LD_RUNPATH_SEARCH_PATHS = "$(inherited) @executable_path/Frameworks @loader_path/Frameworks";
				PRODUCT_NAME = "$(TARGET_NAME)";
				TEST_HOST = "$(BUILT_PRODUCTS_DIR)/TableViewExample.app/TableViewExample";
			};
			name = Release;
		};
/* End XCBuildConfiguration section */

/* Begin XCConfigurationList section */
		DC4746D719D0E6E400D00639 /* Build configuration list for PBXProject "TableViewExample" */ = {
			isa = XCConfigurationList;
			buildConfigurations = (
				DC4746F619D0E6E500D00639 /* Debug */,
				DC4746F719D0E6E500D00639 /* Release */,
			);
			defaultConfigurationIsVisible = 0;
			defaultConfigurationName = Release;
		};
		DC4746F819D0E6E500D00639 /* Build configuration list for PBXNativeTarget "TableViewExample" */ = {
			isa = XCConfigurationList;
			buildConfigurations = (
				DC4746F919D0E6E500D00639 /* Debug */,
				DC4746FA19D0E6E500D00639 /* Release */,
			);
			defaultConfigurationIsVisible = 0;
		};
		DC4746FB19D0E6E500D00639 /* Build configuration list for PBXNativeTarget "TableViewExampleTests" */ = {
			isa = XCConfigurationList;
			buildConfigurations = (
				DC4746FC19D0E6E500D00639 /* Debug */,
				DC4746FD19D0E6E500D00639 /* Release */,
			);
			defaultConfigurationIsVisible = 0;
		};
/* End XCConfigurationList section */
	};
	rootObject = DC4746D419D0E6E400D00639 /* Project object */;
}
