// !$*UTF8*$!
{
	archiveVersion = 1;
	classes = {
	};
	objectVersion = 46;
	objects = {

/* Begin PBXBuildFile section */
		DC19130619E36780006033FF /* AppDelegate.swift in Sources */ = {isa = PBXBuildFile; fileRef = DC19130519E36780006033FF /* AppDelegate.swift */; };
		DC19130819E36780006033FF /* ViewController.swift in Sources */ = {isa = PBXBuildFile; fileRef = DC19130719E36780006033FF /* ViewController.swift */; };
		DC19130B19E36781006033FF /* Main.storyboard in Resources */ = {isa = PBXBuildFile; fileRef = DC19130919E36781006033FF /* Main.storyboard */; };
		DC19130D19E36781006033FF /* Images.xcassets in Resources */ = {isa = PBXBuildFile; fileRef = DC19130C19E36781006033FF /* Images.xcassets */; };
		DC19131919E36781006033FF /* UIWebViewTests.swift in Sources */ = {isa = PBXBuildFile; fileRef = DC19131819E36781006033FF /* UIWebViewTests.swift */; };
		DC19132319E36931006033FF /* human_1.png in Resources */ = {isa = PBXBuildFile; fileRef = DC19132219E36931006033FF /* human_1.png */; };
/* End PBXBuildFile section */

/* Begin PBXContainerItemProxy section */
		DC19131319E36781006033FF /* PBXContainerItemProxy */ = {
			isa = PBXContainerItemProxy;
			containerPortal = DC1912F819E36780006033FF /* Project object */;
			proxyType = 1;
			remoteGlobalIDString = DC1912FF19E36780006033FF;
			remoteInfo = UIWebView;
		};
/* End PBXContainerItemProxy section */

/* Begin PBXFileReference section */
		DC19130019E36780006033FF /* UIWebView.app */ = {isa = PBXFileReference; explicitFileType = wrapper.application; includeInIndex = 0; path = UIWebView.app; sourceTree = BUILT_PRODUCTS_DIR; };
		DC19130419E36780006033FF /* Info.plist */ = {isa = PBXFileReference; lastKnownFileType = text.plist.xml; path = Info.plist; sourceTree = "<group>"; };
		DC19130519E36780006033FF /* AppDelegate.swift */ = {isa = PBXFileReference; lastKnownFileType = sourcecode.swift; path = AppDelegate.swift; sourceTree = "<group>"; };
		DC19130719E36780006033FF /* ViewController.swift */ = {isa = PBXFileReference; lastKnownFileType = sourcecode.swift; path = ViewController.swift; sourceTree = "<group>"; };
		DC19130A19E36781006033FF /* Base */ = {isa = PBXFileReference; lastKnownFileType = file.storyboard; name = Base; path = Base.lproj/Main.storyboard; sourceTree = "<group>"; };
		DC19130C19E36781006033FF /* Images.xcassets */ = {isa = PBXFileReference; lastKnownFileType = folder.assetcatalog; path = Images.xcassets; sourceTree = "<group>"; };
		DC19131219E36781006033FF /* UIWebViewTests.xctest */ = {isa = PBXFileReference; explicitFileType = wrapper.cfbundle; includeInIndex = 0; path = UIWebViewTests.xctest; sourceTree = BUILT_PRODUCTS_DIR; };
		DC19131719E36781006033FF /* Info.plist */ = {isa = PBXFileReference; lastKnownFileType = text.plist.xml; path = Info.plist; sourceTree = "<group>"; };
		DC19131819E36781006033FF /* UIWebViewTests.swift */ = {isa = PBXFileReference; lastKnownFileType = sourcecode.swift; path = UIWebViewTests.swift; sourceTree = "<group>"; };
		DC19132219E36931006033FF /* human_1.png */ = {isa = PBXFileReference; lastKnownFileType = image.png; path = human_1.png; sourceTree = "<group>"; };
/* End PBXFileReference section */

/* Begin PBXFrameworksBuildPhase section */
		DC1912FD19E36780006033FF /* Frameworks */ = {
			isa = PBXFrameworksBuildPhase;
			buildActionMask = 2147483647;
			files = (
			);
			runOnlyForDeploymentPostprocessing = 0;
		};
		DC19130F19E36781006033FF /* Frameworks */ = {
			isa = PBXFrameworksBuildPhase;
			buildActionMask = 2147483647;
			files = (
			);
			runOnlyForDeploymentPostprocessing = 0;
		};
/* End PBXFrameworksBuildPhase section */

/* Begin PBXGroup section */
		DC1912F719E36780006033FF = {
			isa = PBXGroup;
			children = (
				DC19130219E36780006033FF /* UIWebView */,
				DC19131519E36781006033FF /* UIWebViewTests */,
				DC19130119E36780006033FF /* Products */,
			);
			sourceTree = "<group>";
		};
		DC19130119E36780006033FF /* Products */ = {
			isa = PBXGroup;
			children = (
				DC19130019E36780006033FF /* UIWebView.app */,
				DC19131219E36781006033FF /* UIWebViewTests.xctest */,
			);
			name = Products;
			sourceTree = "<group>";
		};
		DC19130219E36780006033FF /* UIWebView */ = {
			isa = PBXGroup;
			children = (
				DC19130519E36780006033FF /* AppDelegate.swift */,
				DC19130719E36780006033FF /* ViewController.swift */,
				DC19132219E36931006033FF /* human_1.png */,
				DC19130919E36781006033FF /* Main.storyboard */,
				DC19130C19E36781006033FF /* Images.xcassets */,
				DC19130319E36780006033FF /* Supporting Files */,
			);
			path = UIWebView;
			sourceTree = "<group>";
		};
		DC19130319E36780006033FF /* Supporting Files */ = {
			isa = PBXGroup;
			children = (
				DC19130419E36780006033FF /* Info.plist */,
			);
			name = "Supporting Files";
			sourceTree = "<group>";
		};
		DC19131519E36781006033FF /* UIWebViewTests */ = {
			isa = PBXGroup;
			children = (
				DC19131819E36781006033FF /* UIWebViewTests.swift */,
				DC19131619E36781006033FF /* Supporting Files */,
			);
			path = UIWebViewTests;
			sourceTree = "<group>";
		};
		DC19131619E36781006033FF /* Supporting Files */ = {
			isa = PBXGroup;
			children = (
				DC19131719E36781006033FF /* Info.plist */,
			);
			name = "Supporting Files";
			sourceTree = "<group>";
		};
/* End PBXGroup section */

/* Begin PBXNativeTarget section */
		DC1912FF19E36780006033FF /* UIWebView */ = {
			isa = PBXNativeTarget;
			buildConfigurationList = DC19131C19E36781006033FF /* Build configuration list for PBXNativeTarget "UIWebView" */;
			buildPhases = (
				DC1912FC19E36780006033FF /* Sources */,
				DC1912FD19E36780006033FF /* Frameworks */,
				DC1912FE19E36780006033FF /* Resources */,
			);
			buildRules = (
			);
			dependencies = (
			);
			name = UIWebView;
			productName = UIWebView;
			productReference = DC19130019E36780006033FF /* UIWebView.app */;
			productType = "com.apple.product-type.application";
		};
		DC19131119E36781006033FF /* UIWebViewTests */ = {
			isa = PBXNativeTarget;
			buildConfigurationList = DC19131F19E36781006033FF /* Build configuration list for PBXNativeTarget "UIWebViewTests" */;
			buildPhases = (
				DC19130E19E36781006033FF /* Sources */,
				DC19130F19E36781006033FF /* Frameworks */,
				DC19131019E36781006033FF /* Resources */,
			);
			buildRules = (
			);
			dependencies = (
				DC19131419E36781006033FF /* PBXTargetDependency */,
			);
			name = UIWebViewTests;
			productName = UIWebViewTests;
			productReference = DC19131219E36781006033FF /* UIWebViewTests.xctest */;
			productType = "com.apple.product-type.bundle.unit-test";
		};
/* End PBXNativeTarget section */

/* Begin PBXProject section */
		DC1912F819E36780006033FF /* Project object */ = {
			isa = PBXProject;
			attributes = {
				LastUpgradeCheck = 0600;
				ORGANIZATIONNAME = gulingfeng;
				TargetAttributes = {
					DC1912FF19E36780006033FF = {
						CreatedOnToolsVersion = 6.0;
					};
					DC19131119E36781006033FF = {
						CreatedOnToolsVersion = 6.0;
						TestTargetID = DC1912FF19E36780006033FF;
					};
				};
			};
			buildConfigurationList = DC1912FB19E36780006033FF /* Build configuration list for PBXProject "UIWebView" */;
			compatibilityVersion = "Xcode 3.2";
			developmentRegion = English;
			hasScannedForEncodings = 0;
			knownRegions = (
				en,
				Base,
			);
			mainGroup = DC1912F719E36780006033FF;
			productRefGroup = DC19130119E36780006033FF /* Products */;
			projectDirPath = "";
			projectRoot = "";
			targets = (
				DC1912FF19E36780006033FF /* UIWebView */,
				DC19131119E36781006033FF /* UIWebViewTests */,
			);
		};
/* End PBXProject section */

/* Begin PBXResourcesBuildPhase section */
		DC1912FE19E36780006033FF /* Resources */ = {
			isa = PBXResourcesBuildPhase;
			buildActionMask = 2147483647;
			files = (
				DC19130B19E36781006033FF /* Main.storyboard in Resources */,
				DC19130D19E36781006033FF /* Images.xcassets in Resources */,
				DC19132319E36931006033FF /* human_1.png in Resources */,
			);
			runOnlyForDeploymentPostprocessing = 0;
		};
		DC19131019E36781006033FF /* Resources */ = {
			isa = PBXResourcesBuildPhase;
			buildActionMask = 2147483647;
			files = (
			);
			runOnlyForDeploymentPostprocessing = 0;
		};
/* End PBXResourcesBuildPhase section */

/* Begin PBXSourcesBuildPhase section */
		DC1912FC19E36780006033FF /* Sources */ = {
			isa = PBXSourcesBuildPhase;
			buildActionMask = 2147483647;
			files = (
				DC19130819E36780006033FF /* ViewController.swift in Sources */,
				DC19130619E36780006033FF /* AppDelegate.swift in Sources */,
			);
			runOnlyForDeploymentPostprocessing = 0;
		};
		DC19130E19E36781006033FF /* Sources */ = {
			isa = PBXSourcesBuildPhase;
			buildActionMask = 2147483647;
			files = (
				DC19131919E36781006033FF /* UIWebViewTests.swift in Sources */,
			);
			runOnlyForDeploymentPostprocessing = 0;
		};
/* End PBXSourcesBuildPhase section */

/* Begin PBXTargetDependency section */
		DC19131419E36781006033FF /* PBXTargetDependency */ = {
			isa = PBXTargetDependency;
			target = DC1912FF19E36780006033FF /* UIWebView */;
			targetProxy = DC19131319E36781006033FF /* PBXContainerItemProxy */;
		};
/* End PBXTargetDependency section */

/* Begin PBXVariantGroup section */
		DC19130919E36781006033FF /* Main.storyboard */ = {
			isa = PBXVariantGroup;
			children = (
				DC19130A19E36781006033FF /* Base */,
			);
			name = Main.storyboard;
			sourceTree = "<group>";
		};
/* End PBXVariantGroup section */

/* Begin XCBuildConfiguration section */
		DC19131A19E36781006033FF /* Debug */ = {
			isa = XCBuildConfiguration;
			buildSettings = {
				ALWAYS_SEARCH_USER_PATHS = NO;
				CLANG_CXX_LANGUAGE_STANDARD = "gnu++0x";
				CLANG_CXX_LIBRARY = "libc++";
				CLANG_ENABLE_MODULES = YES;
				CLANG_ENABLE_OBJC_ARC = YES;
				CLANG_WARN_BOOL_CONVERSION = YES;
				CLANG_WARN_CONSTANT_CONVERSION = YES;
				CLANG_WARN_DIRECT_OBJC_ISA_USAGE = YES_ERROR;
				CLANG_WARN_EMPTY_BODY = YES;
				CLANG_WARN_ENUM_CONVERSION = YES;
				CLANG_WARN_INT_CONVERSION = YES;
				CLANG_WARN_OBJC_ROOT_CLASS = YES_ERROR;
				CLANG_WARN_UNREACHABLE_CODE = YES;
				CLANG_WARN__DUPLICATE_METHOD_MATCH = YES;
				"CODE_SIGN_IDENTITY[sdk=iphoneos*]" = "iPhone Developer";
				COPY_PHASE_STRIP = NO;
				ENABLE_STRICT_OBJC_MSGSEND = YES;
				GCC_C_LANGUAGE_STANDARD = gnu99;
				GCC_DYNAMIC_NO_PIC = NO;
				GCC_OPTIMIZATION_LEVEL = 0;
				GCC_PREPROCESSOR_DEFINITIONS = (
					"DEBUG=1",
					"$(inherited)",
				);
				GCC_SYMBOLS_PRIVATE_EXTERN = NO;
				GCC_WARN_64_TO_32_BIT_CONVERSION = YES;
				GCC_WARN_ABOUT_RETURN_TYPE = YES_ERROR;
				GCC_WARN_UNDECLARED_SELECTOR = YES;
				GCC_WARN_UNINITIALIZED_AUTOS = YES_AGGRESSIVE;
				GCC_WARN_UNUSED_FUNCTION = YES;
				GCC_WARN_UNUSED_VARIABLE = YES;
				IPHONEOS_DEPLOYMENT_TARGET = 8.0;
				MTL_ENABLE_DEBUG_INFO = YES;
				ONLY_ACTIVE_ARCH = YES;
				SDKROOT = iphoneos;
				SWIFT_OPTIMIZATION_LEVEL = "-Onone";
			};
			name = Debug;
		};
		DC19131B19E36781006033FF /* Release */ = {
			isa = XCBuildConfiguration;
			buildSettings = {
				ALWAYS_SEARCH_USER_PATHS = NO;
				CLANG_CXX_LANGUAGE_STANDARD = "gnu++0x";
				CLANG_CXX_LIBRARY = "libc++";
				CLANG_ENABLE_MODULES = YES;
				CLANG_ENABLE_OBJC_ARC = YES;
				CLANG_WARN_BOOL_CONVERSION = YES;
				CLANG_WARN_CONSTANT_CONVERSION = YES;
				CLANG_WARN_DIRECT_OBJC_ISA_USAGE = YES_ERROR;
				CLANG_WARN_EMPTY_BODY = YES;
				CLANG_WARN_ENUM_CONVERSION = YES;
				CLANG_WARN_INT_CONVERSION = YES;
				CLANG_WARN_OBJC_ROOT_CLASS = YES_ERROR;
				CLANG_WARN_UNREACHABLE_CODE = YES;
				CLANG_WARN__DUPLICATE_METHOD_MATCH = YES;
				"CODE_SIGN_IDENTITY[sdk=iphoneos*]" = "iPhone Developer";
				COPY_PHASE_STRIP = YES;
				ENABLE_NS_ASSERTIONS = NO;
				ENABLE_STRICT_OBJC_MSGSEND = YES;
				GCC_C_LANGUAGE_STANDARD = gnu99;
				GCC_WARN_64_TO_32_BIT_CONVERSION = YES;
				GCC_WARN_ABOUT_RETURN_TYPE = YES_ERROR;
				GCC_WARN_UNDECLARED_SELECTOR = YES;
				GCC_WARN_UNINITIALIZED_AUTOS = YES_AGGRESSIVE;
				GCC_WARN_UNUSED_FUNCTION = YES;
				GCC_WARN_UNUSED_VARIABLE = YES;
				IPHONEOS_DEPLOYMENT_TARGET = 8.0;
				MTL_ENABLE_DEBUG_INFO = NO;
				SDKROOT = iphoneos;
				VALIDATE_PRODUCT = YES;
			};
			name = Release;
		};
		DC19131D19E36781006033FF /* Debug */ = {
			isa = XCBuildConfiguration;
			buildSettings = {
				ASSETCATALOG_COMPILER_APPICON_NAME = AppIcon;
				ASSETCATALOG_COMPILER_LAUNCHIMAGE_NAME = LaunchImage;
				INFOPLIST_FILE = UIWebView/Info.plist;
				LD_RUNPATH_SEARCH_PATHS = "$(inherited) @executable_path/Frameworks";
				PRODUCT_NAME = "$(TARGET_NAME)";
			};
			name = Debug;
		};
		DC19131E19E36781006033FF /* Release */ = {
			isa = XCBuildConfiguration;
			buildSettings = {
				ASSETCATALOG_COMPILER_APPICON_NAME = AppIcon;
				ASSETCATALOG_COMPILER_LAUNCHIMAGE_NAME = LaunchImage;
				INFOPLIST_FILE = UIWebView/Info.plist;
				LD_RUNPATH_SEARCH_PATHS = "$(inherited) @executable_path/Frameworks";
				PRODUCT_NAME = "$(TARGET_NAME)";
			};
			name = Release;
		};
		DC19132019E36781006033FF /* Debug */ = {
			isa = XCBuildConfiguration;
			buildSettings = {
				BUNDLE_LOADER = "$(TEST_HOST)";
				FRAMEWORK_SEARCH_PATHS = (
					"$(SDKROOT)/Developer/Library/Frameworks",
					"$(inherited)",
				);
				GCC_PREPROCESSOR_DEFINITIONS = (
					"DEBUG=1",
					"$(inherited)",
				);
				INFOPLIST_FILE = UIWebViewTests/Info.plist;
				LD_RUNPATH_SEARCH_PATHS = "$(inherited) @executable_path/Frameworks @loader_path/Frameworks";
				PRODUCT_NAME = "$(TARGET_NAME)";
				TEST_HOST = "$(BUILT_PRODUCTS_DIR)/UIWebView.app/UIWebView";
			};
			name = Debug;
		};
		DC19132119E36781006033FF /* Release */ = {
			isa = XCBuildConfiguration;
			buildSettings = {
				BUNDLE_LOADER = "$(TEST_HOST)";
				FRAMEWORK_SEARCH_PATHS = (
					"$(SDKROOT)/Developer/Library/Frameworks",
					"$(inherited)",
				);
				INFOPLIST_FILE = UIWebViewTests/Info.plist;
				LD_RUNPATH_SEARCH_PATHS = "$(inherited) @executable_path/Frameworks @loader_path/Frameworks";
				PRODUCT_NAME = "$(TARGET_NAME)";
				TEST_HOST = "$(BUILT_PRODUCTS_DIR)/UIWebView.app/UIWebView";
			};
			name = Release;
		};
/* End XCBuildConfiguration section */

/* Begin XCConfigurationList section */
		DC1912FB19E36780006033FF /* Build configuration list for PBXProject "UIWebView" */ = {
			isa = XCConfigurationList;
			buildConfigurations = (
				DC19131A19E36781006033FF /* Debug */,
				DC19131B19E36781006033FF /* Release */,
			);
			defaultConfigurationIsVisible = 0;
			defaultConfigurationName = Release;
		};
		DC19131C19E36781006033FF /* Build configuration list for PBXNativeTarget "UIWebView" */ = {
			isa = XCConfigurationList;
			buildConfigurations = (
				DC19131D19E36781006033FF /* Debug */,
				DC19131E19E36781006033FF /* Release */,
			);
			defaultConfigurationIsVisible = 0;
		};
		DC19131F19E36781006033FF /* Build configuration list for PBXNativeTarget "UIWebViewTests" */ = {
			isa = XCConfigurationList;
			buildConfigurations = (
				DC19132019E36781006033FF /* Debug */,
				DC19132119E36781006033FF /* Release */,
			);
			defaultConfigurationIsVisible = 0;
		};
/* End XCConfigurationList section */
	};
	rootObject = DC1912F819E36780006033FF /* Project object */;
}
